
Microsoft Visual Studio Solution File, Format Version 12.00
# Visual Studio Version 17
VisualStudioVersion = 17.6.33829.357
MinimumVisualStudioVersion = 10.0.40219.1
Project("{FAE04EC0-301F-11D3-BF4B-00C04F79EFBC}") = "r-tree", "r-tree\r-tree.csproj", "{F7B4622C-641E-44D2-AC23-BCC6F4694105}"
EndProject
Global
	GlobalSection(SolutionConfigurationPlatforms) = preSolution
		Debug|Any CPU = Debug|Any CPU
		Release|Any CPU = Release|Any CPU
	EndGlobalSection
	GlobalSection(ProjectConfigurationPlatforms) = postSolution
		{F7B4622C-641E-44D2-AC23-BCC6F4694105}.Debug|Any CPU.ActiveCfg = Debug|Any CPU
		{F7B4622C-641E-44D2-AC23-BCC6F4694105}.Debug|Any CPU.Build.0 = Debug|Any CPU
		{F7B4622C-641E-44D2-AC23-BCC6F4694105}.Release|Any CPU.ActiveCfg = Release|Any CPU
		{F7B4622C-641E-44D2-AC23-BCC6F4694105}.Release|Any CPU.Build.0 = Release|Any CPU
	EndGlobalSection
	GlobalSection(SolutionProperties) = preSolution
		HideSolutionNode = FALSE
	EndGlobalSection
	GlobalSection(ExtensibilityGlobals) = postSolution
		SolutionGuid = {C880853B-3CDE-4B25-A9D9-FD3F9DF042FC}
	EndGlobalSection
EndGlobal
